
Microsoft Visual Studio Solution File, Format Version 12.00
# Visual Studio Version 17
VisualStudioVersion = 17.3.32811.315
MinimumVisualStudioVersion = 10.0.40219.1
Project("{FAE04EC0-301F-11D3-BF4B-00C04F79EFBC}") = "Kütüphane2", "Kütüphane2\Kütüphane2.csproj", "{FB976BE2-035E-4181-957F-6A560BCB5C7C}"
EndProject
Global
	GlobalSection(SolutionConfigurationPlatforms) = preSolution
		Debug|Any CPU = Debug|Any CPU
		Release|Any CPU = Release|Any CPU
	EndGlobalSection
	GlobalSection(ProjectConfigurationPlatforms) = postSolution
		{FB976BE2-035E-4181-957F-6A560BCB5C7C}.Debug|Any CPU.ActiveCfg = Debug|Any CPU
		{FB976BE2-035E-4181-957F-6A560BCB5C7C}.Debug|Any CPU.Build.0 = Debug|Any CPU
		{FB976BE2-035E-4181-957F-6A560BCB5C7C}.Release|Any CPU.ActiveCfg = Release|Any CPU
		{FB976BE2-035E-4181-957F-6A560BCB5C7C}.Release|Any CPU.Build.0 = Release|Any CPU
	EndGlobalSection
	GlobalSection(SolutionProperties) = preSolution
		HideSolutionNode = FALSE
	EndGlobalSection
	GlobalSection(ExtensibilityGlobals) = postSolution
		SolutionGuid = {684816F0-F6F8-49FB-8AAB-3B998E08FF80}
	EndGlobalSection
EndGlobal
